// !$*UTF8*$!
{
	archiveVersion = 1;
	classes = {
	};
	objectVersion = 46;
	objects = {

/* Begin PBXBuildFile section */
		221AEE321EF259AA000A8A80 /* main.m in Sources */ = {isa = PBXBuildFile; fileRef = 221AEE311EF259AA000A8A80 /* main.m */; };
		221AEE351EF259AA000A8A80 /* AppDelegate.m in Sources */ = {isa = PBXBuildFile; fileRef = 221AEE341EF259AA000A8A80 /* AppDelegate.m */; };
		221AEE3B1EF259AA000A8A80 /* Main.storyboard in Resources */ = {isa = PBXBuildFile; fileRef = 221AEE391EF259AA000A8A80 /* Main.storyboard */; };
		221AEE3D1EF259AA000A8A80 /* Assets.xcassets in Resources */ = {isa = PBXBuildFile; fileRef = 221AEE3C1EF259AA000A8A80 /* Assets.xcassets */; };
		221AEE401EF259AA000A8A80 /* LaunchScreen.storyboard in Resources */ = {isa = PBXBuildFile; fileRef = 221AEE3E1EF259AA000A8A80 /* LaunchScreen.storyboard */; };
		221AEE4B1EF259AA000A8A80 /* ZhXCCalenderTests.m in Sources */ = {isa = PBXBuildFile; fileRef = 221AEE4A1EF259AA000A8A80 /* ZhXCCalenderTests.m */; };
		221AEE561EF259AA000A8A80 /* ZhXCCalenderUITests.m in Sources */ = {isa = PBXBuildFile; fileRef = 221AEE551EF259AA000A8A80 /* ZhXCCalenderUITests.m */; };
		2264DA891FD913960057E9FF /* last.png in Resources */ = {isa = PBXBuildFile; fileRef = 2264DA881FD913960057E9FF /* last.png */; };
		2264DA8B1FD913A40057E9FF /* next.png in Resources */ = {isa = PBXBuildFile; fileRef = 2264DA8A1FD913A40057E9FF /* next.png */; };
		22C38B2C1EF7998100F3DC25 /* NSDate+ZXCDate.m in Sources */ = {isa = PBXBuildFile; fileRef = 22C38B161EF7998100F3DC25 /* NSDate+ZXCDate.m */; };
		22C38B2D1EF7998100F3DC25 /* NSString+ZXCStr.m in Sources */ = {isa = PBXBuildFile; fileRef = 22C38B181EF7998100F3DC25 /* NSString+ZXCStr.m */; };
		22C38B2E1EF7998100F3DC25 /* UIColor+ZXCColor.m in Sources */ = {isa = PBXBuildFile; fileRef = 22C38B1A1EF7998100F3DC25 /* UIColor+ZXCColor.m */; };
		22C38B2F1EF7998100F3DC25 /* ViewController.m in Sources */ = {isa = PBXBuildFile; fileRef = 22C38B1F1EF7998100F3DC25 /* ViewController.m */; };
		22C38B301EF7998100F3DC25 /* ZXCBtnItem.m in Sources */ = {isa = PBXBuildFile; fileRef = 22C38B211EF7998100F3DC25 /* ZXCBtnItem.m */; };
		22C38B311EF7998100F3DC25 /* ZXCBtnItem.xib in Resources */ = {isa = PBXBuildFile; fileRef = 22C38B221EF7998100F3DC25 /* ZXCBtnItem.xib */; };
		22C38B321EF7998100F3DC25 /* ZXCCalenderView.m in Sources */ = {isa = PBXBuildFile; fileRef = 22C38B241EF7998100F3DC25 /* ZXCCalenderView.m */; };
		22C38B331EF7998100F3DC25 /* ZXCMainView.m in Sources */ = {isa = PBXBuildFile; fileRef = 22C38B261EF7998100F3DC25 /* ZXCMainView.m */; };
		22C38B341EF7998100F3DC25 /* ZXCSelectDateView.m in Sources */ = {isa = PBXBuildFile; fileRef = 22C38B281EF7998100F3DC25 /* ZXCSelectDateView.m */; };
		22C38B351EF7998100F3DC25 /* ZXCSelectDateView.xib in Resources */ = {isa = PBXBuildFile; fileRef = 22C38B291EF7998100F3DC25 /* ZXCSelectDateView.xib */; };
		22C38B361EF7998100F3DC25 /* ZXCWeekView.m in Sources */ = {isa = PBXBuildFile; fileRef = 22C38B2B1EF7998100F3DC25 /* ZXCWeekView.m */; };
/* End PBXBuildFile section */

/* Begin PBXContainerItemProxy section */
		221AEE471EF259AA000A8A80 /* PBXContainerItemProxy */ = {
			isa = PBXContainerItemProxy;
			containerPortal = 221AEE251EF259AA000A8A80 /* Project object */;
			proxyType = 1;
			remoteGlobalIDString = 221AEE2C1EF259AA000A8A80;
			remoteInfo = ZhXCCalender;
		};
		221AEE521EF259AA000A8A80 /* PBXContainerItemProxy */ = {
			isa = PBXContainerItemProxy;
			containerPortal = 221AEE251EF259AA000A8A80 /* Project object */;
			proxyType = 1;
			remoteGlobalIDString = 221AEE2C1EF259AA000A8A80;
			remoteInfo = ZhXCCalender;
		};
/* End PBXContainerItemProxy section */

/* Begin PBXFileReference section */
		221AEE2D1EF259AA000A8A80 /* ZhXCCalender.app */ = {isa = PBXFileReference; explicitFileType = wrapper.application; includeInIndex = 0; path = ZhXCCalender.app; sourceTree = BUILT_PRODUCTS_DIR; };
		221AEE311EF259AA000A8A80 /* main.m */ = {isa = PBXFileReference; lastKnownFileType = sourcecode.c.objc; path = main.m; sourceTree = "<group>"; };
		221AEE331EF259AA000A8A80 /* AppDelegate.h */ = {isa = PBXFileReference; lastKnownFileType = sourcecode.c.h; path = AppDelegate.h; sourceTree = "<group>"; };
		221AEE341EF259AA000A8A80 /* AppDelegate.m */ = {isa = PBXFileReference; lastKnownFileType = sourcecode.c.objc; path = AppDelegate.m; sourceTree = "<group>"; };
		221AEE3A1EF259AA000A8A80 /* Base */ = {isa = PBXFileReference; lastKnownFileType = file.storyboard; name = Base; path = Base.lproj/Main.storyboard; sourceTree = "<group>"; };
		221AEE3C1EF259AA000A8A80 /* Assets.xcassets */ = {isa = PBXFileReference; lastKnownFileType = folder.assetcatalog; path = Assets.xcassets; sourceTree = "<group>"; };
		221AEE3F1EF259AA000A8A80 /* Base */ = {isa = PBXFileReference; lastKnownFileType = file.storyboard; name = Base; path = Base.lproj/LaunchScreen.storyboard; sourceTree = "<group>"; };
		221AEE411EF259AA000A8A80 /* Info.plist */ = {isa = PBXFileReference; lastKnownFileType = text.plist.xml; path = Info.plist; sourceTree = "<group>"; };
		221AEE461EF259AA000A8A80 /* ZhXCCalenderTests.xctest */ = {isa = PBXFileReference; explicitFileType = wrapper.cfbundle; includeInIndex = 0; path = ZhXCCalenderTests.xctest; sourceTree = BUILT_PRODUCTS_DIR; };
		221AEE4A1EF259AA000A8A80 /* ZhXCCalenderTests.m */ = {isa = PBXFileReference; lastKnownFileType = sourcecode.c.objc; path = ZhXCCalenderTests.m; sourceTree = "<group>"; };
		221AEE4C1EF259AA000A8A80 /* Info.plist */ = {isa = PBXFileReference; lastKnownFileType = text.plist.xml; path = Info.plist; sourceTree = "<group>"; };
		221AEE511EF259AA000A8A80 /* ZhXCCalenderUITests.xctest */ = {isa = PBXFileReference; explicitFileType = wrapper.cfbundle; includeInIndex = 0; path = ZhXCCalenderUITests.xctest; sourceTree = BUILT_PRODUCTS_DIR; };
		221AEE551EF259AA000A8A80 /* ZhXCCalenderUITests.m */ = {isa = PBXFileReference; lastKnownFileType = sourcecode.c.objc; path = ZhXCCalenderUITests.m; sourceTree = "<group>"; };
		221AEE571EF259AA000A8A80 /* Info.plist */ = {isa = PBXFileReference; lastKnownFileType = text.plist.xml; path = Info.plist; sourceTree = "<group>"; };
		2264DA881FD913960057E9FF /* last.png */ = {isa = PBXFileReference; lastKnownFileType = image.png; name = last.png; path = ZhXCCalender/UI/last.png; sourceTree = SOURCE_ROOT; };
		2264DA8A1FD913A40057E9FF /* next.png */ = {isa = PBXFileReference; lastKnownFileType = image.png; name = next.png; path = ZhXCCalender/UI/next.png; sourceTree = SOURCE_ROOT; };
		22C38B151EF7998100F3DC25 /* NSDate+ZXCDate.h */ = {isa = PBXFileReference; fileEncoding = 4; lastKnownFileType = sourcecode.c.h; path = "NSDate+ZXCDate.h"; sourceTree = "<group>"; };
		22C38B161EF7998100F3DC25 /* NSDate+ZXCDate.m */ = {isa = PBXFileReference; fileEncoding = 4; lastKnownFileType = sourcecode.c.objc; path = "NSDate+ZXCDate.m"; sourceTree = "<group>"; };
		22C38B171EF7998100F3DC25 /* NSString+ZXCStr.h */ = {isa = PBXFileReference; fileEncoding = 4; lastKnownFileType = sourcecode.c.h; path = "NSString+ZXCStr.h"; sourceTree = "<group>"; };
		22C38B181EF7998100F3DC25 /* NSString+ZXCStr.m */ = {isa = PBXFileReference; fileEncoding = 4; lastKnownFileType = sourcecode.c.objc; path = "NSString+ZXCStr.m"; sourceTree = "<group>"; };
		22C38B191EF7998100F3DC25 /* UIColor+ZXCColor.h */ = {isa = PBXFileReference; fileEncoding = 4; lastKnownFileType = sourcecode.c.h; path = "UIColor+ZXCColor.h"; sourceTree = "<group>"; };
		22C38B1A1EF7998100F3DC25 /* UIColor+ZXCColor.m */ = {isa = PBXFileReference; fileEncoding = 4; lastKnownFileType = sourcecode.c.objc; path = "UIColor+ZXCColor.m"; sourceTree = "<group>"; };
		22C38B1E1EF7998100F3DC25 /* ViewController.h */ = {isa = PBXFileReference; fileEncoding = 4; lastKnownFileType = sourcecode.c.h; path = ViewController.h; sourceTree = "<group>"; };
		22C38B1F1EF7998100F3DC25 /* ViewController.m */ = {isa = PBXFileReference; fileEncoding = 4; lastKnownFileType = sourcecode.c.objc; path = ViewController.m; sourceTree = "<group>"; };
		22C38B201EF7998100F3DC25 /* ZXCBtnItem.h */ = {isa = PBXFileReference; fileEncoding = 4; lastKnownFileType = sourcecode.c.h; path = ZXCBtnItem.h; sourceTree = "<group>"; };
		22C38B211EF7998100F3DC25 /* ZXCBtnItem.m */ = {isa = PBXFileReference; fileEncoding = 4; lastKnownFileType = sourcecode.c.objc; path = ZXCBtnItem.m; sourceTree = "<group>"; };
		22C38B221EF7998100F3DC25 /* ZXCBtnItem.xib */ = {isa = PBXFileReference; fileEncoding = 4; lastKnownFileType = file.xib; path = ZXCBtnItem.xib; sourceTree = "<group>"; };
		22C38B231EF7998100F3DC25 /* ZXCCalenderView.h */ = {isa = PBXFileReference; fileEncoding = 4; lastKnownFileType = sourcecode.c.h; path = ZXCCalenderView.h; sourceTree = "<group>"; };
		22C38B241EF7998100F3DC25 /* ZXCCalenderView.m */ = {isa = PBXFileReference; fileEncoding = 4; lastKnownFileType = sourcecode.c.objc; path = ZXCCalenderView.m; sourceTree = "<group>"; };
		22C38B251EF7998100F3DC25 /* ZXCMainView.h */ = {isa = PBXFileReference; fileEncoding = 4; lastKnownFileType = sourcecode.c.h; path = ZXCMainView.h; sourceTree = "<group>"; };
		22C38B261EF7998100F3DC25 /* ZXCMainView.m */ = {isa = PBXFileReference; fileEncoding = 4; lastKnownFileType = sourcecode.c.objc; path = ZXCMainView.m; sourceTree = "<group>"; };
		22C38B271EF7998100F3DC25 /* ZXCSelectDateView.h */ = {isa = PBXFileReference; fileEncoding = 4; lastKnownFileType = sourcecode.c.h; path = ZXCSelectDateView.h; sourceTree = "<group>"; };
		22C38B281EF7998100F3DC25 /* ZXCSelectDateView.m */ = {isa = PBXFileReference; fileEncoding = 4; lastKnownFileType = sourcecode.c.objc; path = ZXCSelectDateView.m; sourceTree = "<group>"; };
		22C38B291EF7998100F3DC25 /* ZXCSelectDateView.xib */ = {isa = PBXFileReference; fileEncoding = 4; lastKnownFileType = file.xib; path = ZXCSelectDateView.xib; sourceTree = "<group>"; };
		22C38B2A1EF7998100F3DC25 /* ZXCWeekView.h */ = {isa = PBXFileReference; fileEncoding = 4; lastKnownFileType = sourcecode.c.h; path = ZXCWeekView.h; sourceTree = "<group>"; };
		22C38B2B1EF7998100F3DC25 /* ZXCWeekView.m */ = {isa = PBXFileReference; fileEncoding = 4; lastKnownFileType = sourcecode.c.objc; path = ZXCWeekView.m; sourceTree = "<group>"; };
		22C38B371EF7B04300F3DC25 /* ZXCCalender.h */ = {isa = PBXFileReference; fileEncoding = 4; lastKnownFileType = sourcecode.c.h; path = ZXCCalender.h; sourceTree = "<group>"; };
/* End PBXFileReference section */

/* Begin PBXFrameworksBuildPhase section */
		221AEE2A1EF259AA000A8A80 /* Frameworks */ = {
			isa = PBXFrameworksBuildPhase;
			buildActionMask = 2147483647;
			files = (
			);
			runOnlyForDeploymentPostprocessing = 0;
		};
		221AEE431EF259AA000A8A80 /* Frameworks */ = {
			isa = PBXFrameworksBuildPhase;
			buildActionMask = 2147483647;
			files = (
			);
			runOnlyForDeploymentPostprocessing = 0;
		};
		221AEE4E1EF259AA000A8A80 /* Frameworks */ = {
			isa = PBXFrameworksBuildPhase;
			buildActionMask = 2147483647;
			files = (
			);
			runOnlyForDeploymentPostprocessing = 0;
		};
/* End PBXFrameworksBuildPhase section */

/* Begin PBXGroup section */
		221AEE241EF259AA000A8A80 = {
			isa = PBXGroup;
			children = (
				221AEE2F1EF259AA000A8A80 /* ZhXCCalender */,
				221AEE491EF259AA000A8A80 /* ZhXCCalenderTests */,
				221AEE541EF259AA000A8A80 /* ZhXCCalenderUITests */,
				221AEE2E1EF259AA000A8A80 /* Products */,
			);
			sourceTree = "<group>";
		};
		221AEE2E1EF259AA000A8A80 /* Products */ = {
			isa = PBXGroup;
			children = (
				221AEE2D1EF259AA000A8A80 /* ZhXCCalender.app */,
				221AEE461EF259AA000A8A80 /* ZhXCCalenderTests.xctest */,
				221AEE511EF259AA000A8A80 /* ZhXCCalenderUITests.xctest */,
			);
			name = Products;
			sourceTree = "<group>";
		};
		221AEE2F1EF259AA000A8A80 /* ZhXCCalender */ = {
			isa = PBXGroup;
			children = (
				22C38B1D1EF7998100F3DC25 /* UI */,
				221AEE331EF259AA000A8A80 /* AppDelegate.h */,
				221AEE341EF259AA000A8A80 /* AppDelegate.m */,
				22C38B1E1EF7998100F3DC25 /* ViewController.h */,
				22C38B1F1EF7998100F3DC25 /* ViewController.m */,
				221AEE391EF259AA000A8A80 /* Main.storyboard */,
				221AEE3C1EF259AA000A8A80 /* Assets.xcassets */,
				221AEE3E1EF259AA000A8A80 /* LaunchScreen.storyboard */,
				221AEE411EF259AA000A8A80 /* Info.plist */,
				221AEE301EF259AA000A8A80 /* Supporting Files */,
			);
			path = ZhXCCalender;
			sourceTree = "<group>";
		};
		221AEE301EF259AA000A8A80 /* Supporting Files */ = {
			isa = PBXGroup;
			children = (
				221AEE311EF259AA000A8A80 /* main.m */,
			);
			name = "Supporting Files";
			sourceTree = "<group>";
		};
		221AEE491EF259AA000A8A80 /* ZhXCCalenderTests */ = {
			isa = PBXGroup;
			children = (
				221AEE4A1EF259AA000A8A80 /* ZhXCCalenderTests.m */,
				221AEE4C1EF259AA000A8A80 /* Info.plist */,
			);
			path = ZhXCCalenderTests;
			sourceTree = "<group>";
		};
		221AEE541EF259AA000A8A80 /* ZhXCCalenderUITests */ = {
			isa = PBXGroup;
			children = (
				221AEE551EF259AA000A8A80 /* ZhXCCalenderUITests.m */,
				221AEE571EF259AA000A8A80 /* Info.plist */,
			);
			path = ZhXCCalenderUITests;
			sourceTree = "<group>";
		};
		22C38B141EF7998100F3DC25 /* Category */ = {
			isa = PBXGroup;
			children = (
				22C38B151EF7998100F3DC25 /* NSDate+ZXCDate.h */,
				22C38B161EF7998100F3DC25 /* NSDate+ZXCDate.m */,
				22C38B171EF7998100F3DC25 /* NSString+ZXCStr.h */,
				22C38B181EF7998100F3DC25 /* NSString+ZXCStr.m */,
				22C38B191EF7998100F3DC25 /* UIColor+ZXCColor.h */,
				22C38B1A1EF7998100F3DC25 /* UIColor+ZXCColor.m */,
			);
			path = Category;
			sourceTree = "<group>";
		};
		22C38B1D1EF7998100F3DC25 /* UI */ = {
			isa = PBXGroup;
			children = (
				22C38B141EF7998100F3DC25 /* Category */,
				22C38B201EF7998100F3DC25 /* ZXCBtnItem.h */,
				22C38B211EF7998100F3DC25 /* ZXCBtnItem.m */,
				2264DA881FD913960057E9FF /* last.png */,
				2264DA8A1FD913A40057E9FF /* next.png */,
				22C38B221EF7998100F3DC25 /* ZXCBtnItem.xib */,
				22C38B231EF7998100F3DC25 /* ZXCCalenderView.h */,
				22C38B241EF7998100F3DC25 /* ZXCCalenderView.m */,
				22C38B251EF7998100F3DC25 /* ZXCMainView.h */,
				22C38B261EF7998100F3DC25 /* ZXCMainView.m */,
				22C38B271EF7998100F3DC25 /* ZXCSelectDateView.h */,
				22C38B281EF7998100F3DC25 /* ZXCSelectDateView.m */,
				22C38B291EF7998100F3DC25 /* ZXCSelectDateView.xib */,
				22C38B2A1EF7998100F3DC25 /* ZXCWeekView.h */,
				22C38B2B1EF7998100F3DC25 /* ZXCWeekView.m */,
				22C38B371EF7B04300F3DC25 /* ZXCCalender.h */,
			);
			path = UI;
			sourceTree = "<group>";
		};
/* End PBXGroup section */

/* Begin PBXNativeTarget section */
		221AEE2C1EF259AA000A8A80 /* ZhXCCalender */ = {
			isa = PBXNativeTarget;
			buildConfigurationList = 221AEE5A1EF259AA000A8A80 /* Build configuration list for PBXNativeTarget "ZhXCCalender" */;
			buildPhases = (
				221AEE291EF259AA000A8A80 /* Sources */,
				221AEE2A1EF259AA000A8A80 /* Frameworks */,
				221AEE2B1EF259AA000A8A80 /* Resources */,
			);
			buildRules = (
			);
			dependencies = (
			);
			name = ZhXCCalender;
			productName = ZhXCCalender;
			productReference = 221AEE2D1EF259AA000A8A80 /* ZhXCCalender.app */;
			productType = "com.apple.product-type.application";
		};
		221AEE451EF259AA000A8A80 /* ZhXCCalenderTests */ = {
			isa = PBXNativeTarget;
			buildConfigurationList = 221AEE5D1EF259AA000A8A80 /* Build configuration list for PBXNativeTarget "ZhXCCalenderTests" */;
			buildPhases = (
				221AEE421EF259AA000A8A80 /* Sources */,
				221AEE431EF259AA000A8A80 /* Frameworks */,
				221AEE441EF259AA000A8A80 /* Resources */,
			);
			buildRules = (
			);
			dependencies = (
				221AEE481EF259AA000A8A80 /* PBXTargetDependency */,
			);
			name = ZhXCCalenderTests;
			productName = ZhXCCalenderTests;
			productReference = 221AEE461EF259AA000A8A80 /* ZhXCCalenderTests.xctest */;
			productType = "com.apple.product-type.bundle.unit-test";
		};
		221AEE501EF259AA000A8A80 /* ZhXCCalenderUITests */ = {
			isa = PBXNativeTarget;
			buildConfigurationList = 221AEE601EF259AA000A8A80 /* Build configuration list for PBXNativeTarget "ZhXCCalenderUITests" */;
			buildPhases = (
				221AEE4D1EF259AA000A8A80 /* Sources */,
				221AEE4E1EF259AA000A8A80 /* Frameworks */,
				221AEE4F1EF259AA000A8A80 /* Resources */,
			);
			buildRules = (
			);
			dependencies = (
				221AEE531EF259AA000A8A80 /* PBXTargetDependency */,
			);
			name = ZhXCCalenderUITests;
			productName = ZhXCCalenderUITests;
			productReference = 221AEE511EF259AA000A8A80 /* ZhXCCalenderUITests.xctest */;
			productType = "com.apple.product-type.bundle.ui-testing";
		};
/* End PBXNativeTarget section */

/* Begin PBXProject section */
		221AEE251EF259AA000A8A80 /* Project object */ = {
			isa = PBXProject;
			attributes = {
				LastUpgradeCheck = 0910;
				ORGANIZATIONNAME = iOS_ZXC;
				TargetAttributes = {
					221AEE2C1EF259AA000A8A80 = {
						CreatedOnToolsVersion = 8.3.2;
						DevelopmentTeam = AC74LCWLVF;
						ProvisioningStyle = Automatic;
					};
					221AEE451EF259AA000A8A80 = {
						CreatedOnToolsVersion = 8.3.2;
						ProvisioningStyle = Automatic;
						TestTargetID = 221AEE2C1EF259AA000A8A80;
					};
					221AEE501EF259AA000A8A80 = {
						CreatedOnToolsVersion = 8.3.2;
						ProvisioningStyle = Automatic;
						TestTargetID = 221AEE2C1EF259AA000A8A80;
					};
				};
			};
			buildConfigurationList = 221AEE281EF259AA000A8A80 /* Build configuration list for PBXProject "ZhXCCalender" */;
			compatibilityVersion = "Xcode 3.2";
			developmentRegion = English;
			hasScannedForEncodings = 0;
			knownRegions = (
				en,
				Base,
			);
			mainGroup = 221AEE241EF259AA000A8A80;
			productRefGroup = 221AEE2E1EF259AA000A8A80 /* Products */;
			projectDirPath = "";
			projectRoot = "";
			targets = (
				221AEE2C1EF259AA000A8A80 /* ZhXCCalender */,
				221AEE451EF259AA000A8A80 /* ZhXCCalenderTests */,
				221AEE501EF259AA000A8A80 /* ZhXCCalenderUITests */,
			);
		};
/* End PBXProject section */

/* Begin PBXResourcesBuildPhase section */
		221AEE2B1EF259AA000A8A80 /* Resources */ = {
			isa = PBXResourcesBuildPhase;
			buildActionMask = 2147483647;
			files = (
				2264DA8B1FD913A40057E9FF /* next.png in Resources */,
				221AEE401EF259AA000A8A80 /* LaunchScreen.storyboard in Resources */,
				221AEE3D1EF259AA000A8A80 /* Assets.xcassets in Resources */,
				221AEE3B1EF259AA000A8A80 /* Main.storyboard in Resources */,
				22C38B311EF7998100F3DC25 /* ZXCBtnItem.xib in Resources */,
				22C38B351EF7998100F3DC25 /* ZXCSelectDateView.xib in Resources */,
				2264DA891FD913960057E9FF /* last.png in Resources */,
			);
			runOnlyForDeploymentPostprocessing = 0;
		};
		221AEE441EF259AA000A8A80 /* Resources */ = {
			isa = PBXResourcesBuildPhase;
			buildActionMask = 2147483647;
			files = (
			);
			runOnlyForDeploymentPostprocessing = 0;
		};
		221AEE4F1EF259AA000A8A80 /* Resources */ = {
			isa = PBXResourcesBuildPhase;
			buildActionMask = 2147483647;
			files = (
			);
			runOnlyForDeploymentPostprocessing = 0;
		};
/* End PBXResourcesBuildPhase section */

/* Begin PBXSourcesBuildPhase section */
		221AEE291EF259AA000A8A80 /* Sources */ = {
			isa = PBXSourcesBuildPhase;
			buildActionMask = 2147483647;
			files = (
				22C38B341EF7998100F3DC25 /* ZXCSelectDateView.m in Sources */,
				22C38B361EF7998100F3DC25 /* ZXCWeekView.m in Sources */,
				22C38B2F1EF7998100F3DC25 /* ViewController.m in Sources */,
				221AEE351EF259AA000A8A80 /* AppDelegate.m in Sources */,
				22C38B321EF7998100F3DC25 /* ZXCCalenderView.m in Sources */,
				22C38B2E1EF7998100F3DC25 /* UIColor+ZXCColor.m in Sources */,
				22C38B331EF7998100F3DC25 /* ZXCMainView.m in Sources */,
				22C38B2D1EF7998100F3DC25 /* NSString+ZXCStr.m in Sources */,
				22C38B301EF7998100F3DC25 /* ZXCBtnItem.m in Sources */,
				22C38B2C1EF7998100F3DC25 /* NSDate+ZXCDate.m in Sources */,
				221AEE321EF259AA000A8A80 /* main.m in Sources */,
			);
			runOnlyForDeploymentPostprocessing = 0;
		};
		221AEE421EF259AA000A8A80 /* Sources */ = {
			isa = PBXSourcesBuildPhase;
			buildActionMask = 2147483647;
			files = (
				221AEE4B1EF259AA000A8A80 /* ZhXCCalenderTests.m in Sources */,
			);
			runOnlyForDeploymentPostprocessing = 0;
		};
		221AEE4D1EF259AA000A8A80 /* Sources */ = {
			isa = PBXSourcesBuildPhase;
			buildActionMask = 2147483647;
			files = (
				221AEE561EF259AA000A8A80 /* ZhXCCalenderUITests.m in Sources */,
			);
			runOnlyForDeploymentPostprocessing = 0;
		};
/* End PBXSourcesBuildPhase section */

/* Begin PBXTargetDependency section */
		221AEE481EF259AA000A8A80 /* PBXTargetDependency */ = {
			isa = PBXTargetDependency;
			target = 221AEE2C1EF259AA000A8A80 /* ZhXCCalender */;
			targetProxy = 221AEE471EF259AA000A8A80 /* PBXContainerItemProxy */;
		};
		221AEE531EF259AA000A8A80 /* PBXTargetDependency */ = {
			isa = PBXTargetDependency;
			target = 221AEE2C1EF259AA000A8A80 /* ZhXCCalender */;
			targetProxy = 221AEE521EF259AA000A8A80 /* PBXContainerItemProxy */;
		};
/* End PBXTargetDependency section */

/* Begin PBXVariantGroup section */
		221AEE391EF259AA000A8A80 /* Main.storyboard */ = {
			isa = PBXVariantGroup;
			children = (
				221AEE3A1EF259AA000A8A80 /* Base */,
			);
			name = Main.storyboard;
			sourceTree = "<group>";
		};
		221AEE3E1EF259AA000A8A80 /* LaunchScreen.storyboard */ = {
			isa = PBXVariantGroup;
			children = (
				221AEE3F1EF259AA000A8A80 /* Base */,
			);
			name = LaunchScreen.storyboard;
			sourceTree = "<group>";
		};
/* End PBXVariantGroup section */

/* Begin XCBuildConfiguration section */
		221AEE581EF259AA000A8A80 /* Debug */ = {
			isa = XCBuildConfiguration;
			buildSettings = {
				ALWAYS_SEARCH_USER_PATHS = NO;
				CLANG_ANALYZER_NONNULL = YES;
				CLANG_ANALYZER_NUMBER_OBJECT_CONVERSION = YES_AGGRESSIVE;
				CLANG_CXX_LANGUAGE_STANDARD = "gnu++0x";
				CLANG_CXX_LIBRARY = "libc++";
				CLANG_ENABLE_MODULES = YES;
				CLANG_ENABLE_OBJC_ARC = YES;
				CLANG_WARN_BLOCK_CAPTURE_AUTORELEASING = YES;
				CLANG_WARN_BOOL_CONVERSION = YES;
				CLANG_WARN_COMMA = YES;
				CLANG_WARN_CONSTANT_CONVERSION = YES;
				CLANG_WARN_DIRECT_OBJC_ISA_USAGE = YES_ERROR;
				CLANG_WARN_DOCUMENTATION_COMMENTS = YES;
				CLANG_WARN_EMPTY_BODY = YES;
				CLANG_WARN_ENUM_CONVERSION = YES;
				CLANG_WARN_INFINITE_RECURSION = YES;
				CLANG_WARN_INT_CONVERSION = YES;
				CLANG_WARN_NON_LITERAL_NULL_CONVERSION = YES;
				CLANG_WARN_OBJC_LITERAL_CONVERSION = YES;
				CLANG_WARN_OBJC_ROOT_CLASS = YES_ERROR;
				CLANG_WARN_RANGE_LOOP_ANALYSIS = YES;
				CLANG_WARN_STRICT_PROTOTYPES = YES;
				CLANG_WARN_SUSPICIOUS_MOVE = YES;
				CLANG_WARN_UNREACHABLE_CODE = YES;
				CLANG_WARN__DUPLICATE_METHOD_MATCH = YES;
				"CODE_SIGN_IDENTITY[sdk=iphoneos*]" = "iPhone Developer";
				COPY_PHASE_STRIP = NO;
				DEBUG_INFORMATION_FORMAT = dwarf;
				ENABLE_STRICT_OBJC_MSGSEND = YES;
				ENABLE_TESTABILITY = YES;
				GCC_C_LANGUAGE_STANDARD = gnu99;
				GCC_DYNAMIC_NO_PIC = NO;
				GCC_NO_COMMON_BLOCKS = YES;
				GCC_OPTIMIZATION_LEVEL = 0;
				GCC_PREPROCESSOR_DEFINITIONS = (
					"DEBUG=1",
					"$(inherited)",
				);
				GCC_WARN_64_TO_32_BIT_CONVERSION = YES;
				GCC_WARN_ABOUT_RETURN_TYPE = YES_ERROR;
				GCC_WARN_UNDECLARED_SELECTOR = YES;
				GCC_WARN_UNINITIALIZED_AUTOS = YES_AGGRESSIVE;
				GCC_WARN_UNUSED_FUNCTION = YES;
				GCC_WARN_UNUSED_VARIABLE = YES;
				IPHONEOS_DEPLOYMENT_TARGET = 10.3;
				MTL_ENABLE_DEBUG_INFO = YES;
				ONLY_ACTIVE_ARCH = YES;
				SDKROOT = iphoneos;
				TARGETED_DEVICE_FAMILY = "1,2";
			};
			name = Debug;
		};
		221AEE591EF259AA000A8A80 /* Release */ = {
			isa = XCBuildConfiguration;
			buildSettings = {
				ALWAYS_SEARCH_USER_PATHS = NO;
				CLANG_ANALYZER_NONNULL = YES;
				CLANG_ANALYZER_NUMBER_OBJECT_CONVERSION = YES_AGGRESSIVE;
				CLANG_CXX_LANGUAGE_STANDARD = "gnu++0x";
				CLANG_CXX_LIBRARY = "libc++";
				CLANG_ENABLE_MODULES = YES;
				CLANG_ENABLE_OBJC_ARC = YES;
				CLANG_WARN_BLOCK_CAPTURE_AUTORELEASING = YES;
				CLANG_WARN_BOOL_CONVERSION = YES;
				CLANG_WARN_COMMA = YES;
				CLANG_WARN_CONSTANT_CONVERSION = YES;
				CLANG_WARN_DIRECT_OBJC_ISA_USAGE = YES_ERROR;
				CLANG_WARN_DOCUMENTATION_COMMENTS = YES;
				CLANG_WARN_EMPTY_BODY = YES;
				CLANG_WARN_ENUM_CONVERSION = YES;
				CLANG_WARN_INFINITE_RECURSION = YES;
				CLANG_WARN_INT_CONVERSION = YES;
				CLANG_WARN_NON_LITERAL_NULL_CONVERSION = YES;
				CLANG_WARN_OBJC_LITERAL_CONVERSION = YES;
				CLANG_WARN_OBJC_ROOT_CLASS = YES_ERROR;
				CLANG_WARN_RANGE_LOOP_ANALYSIS = YES;
				CLANG_WARN_STRICT_PROTOTYPES = YES;
				CLANG_WARN_SUSPICIOUS_MOVE = YES;
				CLANG_WARN_UNREACHABLE_CODE = YES;
				CLANG_WARN__DUPLICATE_METHOD_MATCH = YES;
				"CODE_SIGN_IDENTITY[sdk=iphoneos*]" = "iPhone Developer";
				COPY_PHASE_STRIP = NO;
				DEBUG_INFORMATION_FORMAT = "dwarf-with-dsym";
				ENABLE_NS_ASSERTIONS = NO;
				ENABLE_STRICT_OBJC_MSGSEND = YES;
				GCC_C_LANGUAGE_STANDARD = gnu99;
				GCC_NO_COMMON_BLOCKS = YES;
				GCC_WARN_64_TO_32_BIT_CONVERSION = YES;
				GCC_WARN_ABOUT_RETURN_TYPE = YES_ERROR;
				GCC_WARN_UNDECLARED_SELECTOR = YES;
				GCC_WARN_UNINITIALIZED_AUTOS = YES_AGGRESSIVE;
				GCC_WARN_UNUSED_FUNCTION = YES;
				GCC_WARN_UNUSED_VARIABLE = YES;
				IPHONEOS_DEPLOYMENT_TARGET = 10.3;
				MTL_ENABLE_DEBUG_INFO = NO;
				SDKROOT = iphoneos;
				TARGETED_DEVICE_FAMILY = "1,2";
				VALIDATE_PRODUCT = YES;
			};
			name = Release;
		};
		221AEE5B1EF259AA000A8A80 /* Debug */ = {
			isa = XCBuildConfiguration;
			buildSettings = {
				ASSETCATALOG_COMPILER_APPICON_NAME = AppIcon;
				DEVELOPMENT_TEAM = AC74LCWLVF;
				GCC_PRECOMPILE_PREFIX_HEADER = NO;
				GCC_PREFIX_HEADER = "";
				INFOPLIST_FILE = ZhXCCalender/Info.plist;
				IPHONEOS_DEPLOYMENT_TARGET = 8.0;
				LD_RUNPATH_SEARCH_PATHS = "$(inherited) @executable_path/Frameworks";
				PRODUCT_BUNDLE_IDENTIFIER = com.ARZXC.www.ZhXCCalender;
				PRODUCT_NAME = "$(TARGET_NAME)";
			};
			name = Debug;
		};
		221AEE5C1EF259AA000A8A80 /* Release */ = {
			isa = XCBuildConfiguration;
			buildSettings = {
				ASSETCATALOG_COMPILER_APPICON_NAME = AppIcon;
				DEVELOPMENT_TEAM = AC74LCWLVF;
				GCC_PRECOMPILE_PREFIX_HEADER = NO;
				GCC_PREFIX_HEADER = "";
				INFOPLIST_FILE = ZhXCCalender/Info.plist;
				IPHONEOS_DEPLOYMENT_TARGET = 8.0;
				LD_RUNPATH_SEARCH_PATHS = "$(inherited) @executable_path/Frameworks";
				PRODUCT_BUNDLE_IDENTIFIER = com.ARZXC.www.ZhXCCalender;
				PRODUCT_NAME = "$(TARGET_NAME)";
			};
			name = Release;
		};
		221AEE5E1EF259AA000A8A80 /* Debug */ = {
			isa = XCBuildConfiguration;
			buildSettings = {
				BUNDLE_LOADER = "$(TEST_HOST)";
				INFOPLIST_FILE = ZhXCCalenderTests/Info.plist;
				LD_RUNPATH_SEARCH_PATHS = "$(inherited) @executable_path/Frameworks @loader_path/Frameworks";
				PRODUCT_BUNDLE_IDENTIFIER = com.ARZXC.www.ZhXCCalenderTests;
				PRODUCT_NAME = "$(TARGET_NAME)";
				TEST_HOST = "$(BUILT_PRODUCTS_DIR)/ZhXCCalender.app/ZhXCCalender";
			};
			name = Debug;
		};
		221AEE5F1EF259AA000A8A80 /* Release */ = {
			isa = XCBuildConfiguration;
			buildSettings = {
				BUNDLE_LOADER = "$(TEST_HOST)";
				INFOPLIST_FILE = ZhXCCalenderTests/Info.plist;
				LD_RUNPATH_SEARCH_PATHS = "$(inherited) @executable_path/Frameworks @loader_path/Frameworks";
				PRODUCT_BUNDLE_IDENTIFIER = com.ARZXC.www.ZhXCCalenderTests;
				PRODUCT_NAME = "$(TARGET_NAME)";
				TEST_HOST = "$(BUILT_PRODUCTS_DIR)/ZhXCCalender.app/ZhXCCalender";
			};
			name = Release;
		};
		221AEE611EF259AA000A8A80 /* Debug */ = {
			isa = XCBuildConfiguration;
			buildSettings = {
				INFOPLIST_FILE = ZhXCCalenderUITests/Info.plist;
				LD_RUNPATH_SEARCH_PATHS = "$(inherited) @executable_path/Frameworks @loader_path/Frameworks";
				PRODUCT_BUNDLE_IDENTIFIER = com.ARZXC.www.ZhXCCalenderUITests;
				PRODUCT_NAME = "$(TARGET_NAME)";
				TEST_TARGET_NAME = ZhXCCalender;
			};
			name = Debug;
		};
		221AEE621EF259AA000A8A80 /* Release */ = {
			isa = XCBuildConfiguration;
			buildSettings = {
				INFOPLIST_FILE = ZhXCCalenderUITests/Info.plist;
				LD_RUNPATH_SEARCH_PATHS = "$(inherited) @executable_path/Frameworks @loader_path/Frameworks";
				PRODUCT_BUNDLE_IDENTIFIER = com.ARZXC.www.ZhXCCalenderUITests;
				PRODUCT_NAME = "$(TARGET_NAME)";
				TEST_TARGET_NAME = ZhXCCalender;
			};
			name = Release;
		};
/* End XCBuildConfiguration section */

/* Begin XCConfigurationList section */
		221AEE281EF259AA000A8A80 /* Build configuration list for PBXProject "ZhXCCalender" */ = {
			isa = XCConfigurationList;
			buildConfigurations = (
				221AEE581EF259AA000A8A80 /* Debug */,
				221AEE591EF259AA000A8A80 /* Release */,
			);
			defaultConfigurationIsVisible = 0;
			defaultConfigurationName = Release;
		};
		221AEE5A1EF259AA000A8A80 /* Build configuration list for PBXNativeTarget "ZhXCCalender" */ = {
			isa = XCConfigurationList;
			buildConfigurations = (
				221AEE5B1EF259AA000A8A80 /* Debug */,
				221AEE5C1EF259AA000A8A80 /* Release */,
			);
			defaultConfigurationIsVisible = 0;
			defaultConfigurationName = Release;
		};
		221AEE5D1EF259AA000A8A80 /* Build configuration list for PBXNativeTarget "ZhXCCalenderTests" */ = {
			isa = XCConfigurationList;
			buildConfigurations = (
				221AEE5E1EF259AA000A8A80 /* Debug */,
				221AEE5F1EF259AA000A8A80 /* Release */,
			);
			defaultConfigurationIsVisible = 0;
			defaultConfigurationName = Release;
		};
		221AEE601EF259AA000A8A80 /* Build configuration list for PBXNativeTarget "ZhXCCalenderUITests" */ = {
			isa = XCConfigurationList;
			buildConfigurations = (
				221AEE611EF259AA000A8A80 /* Debug */,
				221AEE621EF259AA000A8A80 /* Release */,
			);
			defaultConfigurationIsVisible = 0;
			defaultConfigurationName = Release;
		};
/* End XCConfigurationList section */
	};
	rootObject = 221AEE251EF259AA000A8A80 /* Project object */;
}
